{
  "version": 4,
  "terraform_version": "1.12.2",
  "serial": 78,
  "lineage": "f2d91999-d5ad-942e-a78f-d9a2a22b2dc2",
  "outputs": {
    "ecs_cluster_name": {
      "value": "w3_product-cluster",
      "type": "string"
    },
    "ecs_service_name": {
      "value": "w3_product",
      "type": "string"
    }
  },
  "resources": [
    {
      "mode": "data",
      "type": "aws_ecr_authorization_token",
      "name": "registry",
      "provider": "provider[\"registry.terraform.io/hashicorp/aws\"]",
      "instances": [
        {
          "schema_version": 0,
          "attributes": {
            "authorization_token": "QVdTOmV5SndZWGxzYjJGa0lqb2lSRk52ZVRkTWJDOHJNbnBGVFhGeFpUbGhTRTlOVTJ4NFdFNXpVVmxWWVhCb1MwWjVPR3BVZWk5WVVGa3ZjV3hsYlVOamJucGFiVXBJWTBSSVdEZEllbEJLTjIxdFIxVmFOWFphYUdGaWVteFVibWxpTlhJeGRsRjNZa2hDTnpSeWRVZGFRVUZSVERkRVdDOHZlSE52VlVSdk0ydGhkMmRTYVhsUVZGbExXa3RSWW5NeE5VcHFSSHA0V1VSWFpXZFhPR054Y2tkdFQyUnhkRkJTVjNObmEyZ3JhRFJpUlc5b1Exa3lPRFZvY205elZFVnFUVU5yU0ZKTlpEbDNVa3AxUWtVdmIzUnpUVkE0TTNWNk0yTmtValpOVG10SU0xbFBiVUUzZDJaTFptSXljV1JITDFNdlJXUkVVR1JKYW5GU1FsSldTMVExUlVNclZrNURTRUZ5TUN0NVYwbDFPRkJWZFZKRFEyaDFkQ3N3ZUdoMU0yZENTMU5PYVRaaFdFbHJjbEZZUW1kRFJFNXFVeXN4V1ZkcWJXdE9NVlJ4TVN0RE5tcDJUMmhEYzBsSFNsRlJTVmh5Y2xoTFRpdG9kbkJOUW1rMFZqTTVZa0pCV0V0dE5FSnBjMEV5TlU5Wk5uQmxjM0ZoZG13dlUzQnBkMWxzTVc1TVJreHVVSGt3VG5OVFpGVXhWbkIyZWs0clNFSlFSVmt5WnpjeE5GaE5NaXMzUlhNeFdFVnVXamx6T1VvNVdHTlRNVGRTWTI5TFVIRkplbW92ZVRZMWRHNUJiVlpxYm1acmMzWXhORkpDVlVORFEwbDZTbnBvYkhCelJWWXZkMFpVYmpCM1ZGTm9aR2R6VDJwMU5GVjZabG8yZURGVVIySldkbVk1VW5vM1IzcDNXRk5XUWpSUmNYTlNlbk5YYmprcmJqSmhlblU1YmxKM2R6ZGhXRUpRYUdGRU9YbHZOa2syU1c4MlNqVXJPVVZYY0daME5TOVdObVJLTkVwdGNpdElXVkkwUWtGc2NqVnBNSE5LVmpKQmRYWTBUVWRZZUVsSE5EZEVNbEZaUTB0RlFVOXZkeTlPVTFVeVNFMWFXVWhrTTJkS2NETnlVMkZoUWpSaWJXRkZaVkp6YVhsV05GRXlZa2t2YUc1UGJpdHNkVmRxWlhBME5HTnhWWFo2VFVSdE9GRTNWbE4xVFhJclkwOWxhMlkyZEZkRlRWVkxlaXN3WlVOTmRrOHpNamRSVDJGdVVUbFdPV0pPU1cwdlVtMXNTSEoyWkdoRVEwTTJNbFpJZWt4T01DOWpjMlpwU0VRM1RXRnBSVXRyYkcxeGExbzRVbWxNUTNoNU9VOXRZVE13VVhOWlEzRm1VWHBEZDFrclVVWm1PVFZGYzA1aFNUUXdOME4yWWpkSVpFZERNRTE1UTBoaFdVMU9SVlJsYkVjMGMwODBUbEZyVURNdlJXNUlaRUY0VFU5WlIzVjNhVEpHTDA0NVdXZHFkVlF6TkVSMlUyRXlWRWRJVnpCUE1VMTVVM2x1VjNnMFUxSlVUbkp3UjBKdVVYaFNabWhRVlRNMWNsUTNiME5hVGxRMlUyNUxXVVpTYUhONVZXNVBRWEZ5TmpoWVFrVkxSVE13VUhZeWFYSlplVlZHY3pCWWFYTjVjVTlaYWpkT1FraFdkR1JSTmtadVEwMWlZVE5xYjFvelUzSTFURXRaZUdGU1RXbzVTM0ZqYUVaM1FVTXdZMU5QVTNwSlZtMWphMmR5TVV4aGQxRXlTV2RMY25WcldXNUJZMHhNUTFwc1FXZ3phbmw2VDJ0Rk5sZzBPVVJaVW5kTFNWQnpRMlZFZGxobGFtSm1VQ3RrZDBOTWN6VXpSM1JIUm5ONlpXbzFiVTkyZFhCd1dqUlVSMEpUYjBwUGJXTjZVME16V1RoaVVDOW9ZMWhTVjBKc2JrMWlXRThyVHpGUU1VWnBTak0yTm0wd1ZURnZOVnA2Y2tOSk4xQlVTRUp1VFVVNWJVOVNjU3RSYURsNmNXeDBVamhwTjFkRlQzWnpURWRrYjNGdFZEbDBWR1ozV1Vwa2JUVk5kMGRuTjB0VlFVOVRWRVpEVTNCMU9FMTZWRGxTY0VoUU1TdG5Ta3h4TUhwUlZVaFFkR1J4YWtOV1dWcEZiVFJVT0docFJqUkhXa0pJUVRVMWRVVjNaMjlrVDNaTGFWcE5SbkpxYjI5eGRWcDVXRzlMZEd4MEsyOUhkV2htTVZKd1drbDVORloxZG1jMlNraGtTMlp6Vm1wMVEwOHJielU1WVVKMmVqUkpQU0lzSW1SaGRHRnJaWGtpT2lKQlVVVkNRVWhxTm14ak5GaEpTbmN2TjJ4dU1FaGpNREJFVFdWck5rZEZlRWhEWWxrMFVrbHdWRTFEU1RVNFNXNVZkMEZCUVVnMGQyWkJXVXBMYjFwSmFIWmpUa0ZSWTBkdlJ6aDNZbEZKUWtGRVFtOUNaMnR4YUd0cFJ6bDNNRUpDZDBWM1NHZFpTbGxKV2tsQlYxVkVRa0ZGZFUxQ1JVVkVTa0o1ZGt0SGVsbEpjbGhxV2k5WFUyZEpRa1ZKUVRkdU1pOUhZVmsyTkc1TFlWUTVORzFwVVdJMVowRlRWRnAzY1ZCTmVXc3lNR2RMZFVsVUszRmFUemM1TW01NVNtbzJkWHBJY1ZwUVJsUmFaV1o1UzNOdFZsRjVMemRoY201RE1ERk1ZMlpuUFNJc0luWmxjbk5wYjI0aU9pSXlJaXdpZEhsd1pTSTZJa1JCVkVGZlMwVlpJaXdpWlhod2FYSmhkR2x2YmlJNk1UYzFOVFl5TVRRek9YMD0=",
            "expires_at": "2025-08-19T16:37:19Z",
            "id": "us-west-2",
            "password": "eyJwYXlsb2FkIjoiRFNveTdMbC8rMnpFTXFxZTlhSE9NU2x4WE5zUVlVYXBoS0Z5OGpUei9YUFkvcWxlbUNjbnpabUpIY0RIWDdIelBKN21tR1VaNXZaaGFiemxUbmliNXIxdlF3YkhCNzRydUdaQUFRTDdEWC8veHNvVURvM2thd2dSaXlQVFlLWktRYnMxNUpqRHp4WURXZWdXOGNxckdtT2RxdFBSV3Nna2graDRiRW9oQ1kyODVocm9zVEVqTUNrSFJNZDl3Ukp1QkUvb3RzTVA4M3V6M2NkUjZNTmtIM1lPbUE3d2ZLZmIycWRHL1MvRWREUGRJanFSQlJWS1Q1RUMrVk5DSEFyMCt5V0l1OFBVdVJDQ2h1dCsweGh1M2dCS1NOaTZhWElrclFYQmdDRE5qUysxWVdqbWtOMVRxMStDNmp2T2hDc0lHSlFRSVhyclhLTitodnBNQmk0VjM5YkJBWEttNEJpc0EyNU9ZNnBlc3FhdmwvU3Bpd1lsMW5MRkxuUHkwTnNTZFUxVnB2ek4rSEJQRVkyZzcxNFhNMis3RXMxWEVuWjlzOUo5WGNTMTdSY29LUHFJemoveTY1dG5BbVZqbmZrc3YxNFJCVUNDQ0l6SnpobHBzRVYvd0ZUbjB3VFNoZGdzT2p1NFV6Zlo2eDFUR2JWdmY5Uno3R3p3WFNWQjRRcXNSenNXbjkrbjJhenU5blJ3dzdhWEJQaGFEOXlvNkk2SW82SjUrOUVXcGZ0NS9WNmRKNEptcitIWVI0QkFscjVpMHNKVjJBdXY0TUdYeElHNDdEMlFZQ0tFQU9vdy9OU1UySE1aWUhkM2dKcDNyU2FhQjRibWFFZVJzaXlWNFEyYkkvaG5PbitsdVdqZXA0NGNxVXZ6TURtOFE3VlN1TXIrY09la2Y2dFdFTVVLeiswZUNNdk8zMjdRT2FuUTlWOWJOSW0vUm1sSHJ2ZGhEQ0M2MlZIekxOMC9jc2ZpSEQ3TWFpRUtrbG1xa1o4UmlMQ3h5OU9tYTMwUXNZQ3FmUXpDd1krUUZmOTVFc05hSTQwN0N2YjdIZEdDME15Q0hhWU1ORVRlbEc0c080TlFrUDMvRW5IZEF4TU9ZR3V3aTJGL045WWdqdVQzNER2U2EyVEdIVzBPMU15U3luV3g0U1JUTnJwR0JuUXhSZmhQVTM1clQ3b0NaTlQ2U25LWUZSaHN5VW5PQXFyNjhYQkVLRTMwUHYyaXJZeVVGczBYaXN5cU9ZajdOQkhWdGRRNkZuQ01iYTNqb1ozU3I1TEtZeGFSTWo5S3FjaEZ3QUMwY1NPU3pJVm1ja2dyMUxhd1EySWdLcnVrWW5BY0xMQ1psQWgzanl6T2tFNlg0OURZUndLSVBzQ2VEdlhlamJmUCtkd0NMczUzR3RHRnN6ZWo1bU92dXBwWjRUR0JTb0pPbWN6U0MzWThiUC9oY1hSV0Jsbk1iWE8rTzFQMUZpSjM2Nm0wVTFvNVp6ckNJN1BUSEJuTUU5bU9ScStRaDl6cWx0UjhpN1dFT3ZzTEdkb3FtVDl0VGZ3WUpkbTVNd0dnN0tVQU9TVEZDU3B1OE16VDlScEhQMStnSkxxMHpRVUhQdGRxakNWWVpFbTRUOGhpRjRHWkJIQTU1dUV3Z29kT3ZLaVpNRnJqb29xdVp5WG9LdGx0K29HdWhmMVJwWkl5NFZ1dmc2SkhkS2ZzVmp1Q08rbzU5YUJ2ejRJPSIsImRhdGFrZXkiOiJBUUVCQUhqNmxjNFhJSncvN2xuMEhjMDBETWVrNkdFeEhDYlk0UklwVE1DSTU4SW5Vd0FBQUg0d2ZBWUpLb1pJaHZjTkFRY0dvRzh3YlFJQkFEQm9CZ2txaGtpRzl3MEJCd0V3SGdZSllJWklBV1VEQkFFdU1CRUVESkJ5dktHellJclhqWi9XU2dJQkVJQTduMi9HYVk2NG5LYVQ5NG1pUWI1Z0FTVFp3cVBNeWsyMGdLdUlUK3FaTzc5Mm55Smo2dXpIcVpQRlRaZWZ5S3NtVlF5Lzdhcm5DMDFMY2ZnPSIsInZlcnNpb24iOiIyIiwidHlwZSI6IkRBVEFfS0VZIiwiZXhwaXJhdGlvbiI6MTc1NTYyMTQzOX0=",
            "proxy_endpoint": "https://589535382240.dkr.ecr.us-west-2.amazonaws.com",
            "region": "us-west-2",
            "registry_id": null,
            "user_name": "AWS"
          },
          "sensitive_attributes": [
            [
              {
                "type": "get_attr",
                "value": "authorization_token"
              }
            ],
            [
              {
                "type": "get_attr",
                "value": "password"
              }
            ]
          ],
          "identity_schema_version": 0
        }
      ]
    },
    {
      "mode": "data",
      "type": "aws_iam_role",
      "name": "lab_role",
      "provider": "provider[\"registry.terraform.io/hashicorp/aws\"]",
      "instances": [
        {
          "schema_version": 0,
          "attributes": {
            "arn": "arn:aws:iam::589535382240:role/LabRole",
            "assume_role_policy": "{\"Version\":\"2012-10-17\",\"Statement\":[{\"Effect\":\"Allow\",\"Principal\":{\"Service\":[\"cloudtrail.amazonaws.com\",\"ec2.amazonaws.com\",\"glue.amazonaws.com\",\"elasticfilesystem.amazonaws.com\",\"iotevents.amazonaws.com\",\"elasticloadbalancing.amazonaws.com\",\"codecommit.amazonaws.com\",\"eks.amazonaws.com\",\"codedeploy.amazonaws.com\",\"rekognition.amazonaws.com\",\"sqs.amazonaws.com\",\"logs.amazonaws.com\",\"ecs.amazonaws.com\",\"redshift.amazonaws.com\",\"databrew.amazonaws.com\",\"dynamodb.amazonaws.com\",\"application-autoscaling.amazonaws.com\",\"kinesis.amazonaws.com\",\"iotanalytics.amazonaws.com\",\"sns.amazonaws.com\",\"kinesisanalytics.amazonaws.com\",\"sagemaker.amazonaws.com\",\"secretsmanager.amazonaws.com\",\"ssm.amazonaws.com\",\"kms.amazonaws.com\",\"s3.amazonaws.com\",\"eks-fargate-pods.amazonaws.com\",\"firehose.amazonaws.com\",\"deepracer.amazonaws.com\",\"cognito-idp.amazonaws.com\",\"states.amazonaws.com\",\"forecast.amazonaws.com\",\"elasticmapreduce.amazonaws.com\",\"cloudformation.amazonaws.com\",\"ec2.application-autoscaling.amazonaws.com\",\"apigateway.amazonaws.com\",\"events.amazonaws.com\",\"athena.amazonaws.com\",\"elasticbeanstalk.amazonaws.com\",\"codewhisperer.amazonaws.com\",\"lambda.amazonaws.com\",\"iot.amazonaws.com\",\"backup.amazonaws.com\",\"pipes.amazonaws.com\",\"resource-groups.amazonaws.com\",\"rds.amazonaws.com\",\"batch.amazonaws.com\",\"cloud9.amazonaws.com\",\"scheduler.amazonaws.com\",\"ecs-tasks.amazonaws.com\",\"autoscaling.amazonaws.com\",\"servicecatalog.amazonaws.com\",\"credentials.iot.amazonaws.com\"],\"AWS\":\"arn:aws:iam::589535382240:role/LabRole\"},\"Action\":\"sts:AssumeRole\"}]}",
            "create_date": "2025-07-28T20:38:18Z",
            "description": "",
            "id": "LabRole",
            "max_session_duration": 3600,
            "name": "LabRole",
            "path": "/",
            "permissions_boundary": "",
            "role_last_used": [
              {
                "last_used_date": "2025-08-19T04:23:11Z",
                "region": "us-west-2"
              }
            ],
            "tags": {
              "cloudlab": "c169671a4380641l11042511t1w589535382240"
            },
            "unique_id": "AROAYSQYMBLQPJKXVEOBL"
          },
          "sensitive_attributes": [],
          "identity_schema_version": 0
        }
      ]
    },
    {
      "mode": "managed",
      "type": "docker_image",
      "name": "app",
      "provider": "provider[\"registry.terraform.io/kreuzwerker/docker\"]",
      "instances": [
        {
          "schema_version": 0,
          "attributes": {
            "build": [
              {
                "auth_config": [],
                "build_arg": null,
                "build_args": null,
                "build_id": "",
                "cache_from": [],
                "cgroup_parent": "",
                "context": "../",
                "cpu_period": null,
                "cpu_quota": null,
                "cpu_set_cpus": "",
                "cpu_set_mems": "",
                "cpu_shares": null,
                "dockerfile": "Dockerfile",
                "extra_hosts": [],
                "force_remove": null,
                "isolation": "",
                "label": null,
                "labels": null,
                "memory": null,
                "memory_swap": null,
                "network_mode": "",
                "no_cache": null,
                "path": "",
                "platform": "",
                "pull_parent": null,
                "remote_context": "",
                "remove": true,
                "security_opt": [],
                "session_id": "",
                "shm_size": null,
                "squash": null,
                "suppress_output": null,
                "tag": [],
                "target": "",
                "ulimit": [],
                "version": ""
              }
            ],
            "force_remove": null,
            "id": "sha256:0290e361710b8f62a0c9bf62eed1dca7218142993ba735f032bf8709c70f06a8589535382240.dkr.ecr.us-west-2.amazonaws.com/w3ecr:latest",
            "image_id": "sha256:0290e361710b8f62a0c9bf62eed1dca7218142993ba735f032bf8709c70f06a8",
            "keep_locally": null,
            "latest": "sha256:0290e361710b8f62a0c9bf62eed1dca7218142993ba735f032bf8709c70f06a8",
            "name": "589535382240.dkr.ecr.us-west-2.amazonaws.com/w3ecr:latest",
            "output": null,
            "platform": null,
            "pull_trigger": null,
            "pull_triggers": null,
            "repo_digest": "",
            "triggers": null
          },
          "sensitive_attributes": [],
          "identity_schema_version": 0,
          "private": "bnVsbA==",
          "dependencies": [
            "data.aws_ecr_authorization_token.registry",
            "module.ecr.aws_ecr_repository.this"
          ]
        }
      ]
    },
    {
      "mode": "managed",
      "type": "docker_registry_image",
      "name": "app",
      "provider": "provider[\"registry.terraform.io/kreuzwerker/docker\"]",
      "instances": [
        {
          "schema_version": 0,
          "attributes": {
            "build": [],
            "id": "sha256:450adcb828ca32f9e5c8263f75801259bb29b6b3d5a0a23efd1dc1aca615eea0",
            "insecure_skip_verify": false,
            "keep_remotely": false,
            "name": "589535382240.dkr.ecr.us-west-2.amazonaws.com/w3ecr:latest",
            "sha256_digest": "sha256:450adcb828ca32f9e5c8263f75801259bb29b6b3d5a0a23efd1dc1aca615eea0",
            "triggers": null
          },
          "sensitive_attributes": [],
          "identity_schema_version": 0,
          "private": "bnVsbA==",
          "dependencies": [
            "data.aws_ecr_authorization_token.registry",
            "docker_image.app",
            "module.ecr.aws_ecr_repository.this"
          ]
        }
      ]
    },
    {
      "module": "module.ecr",
      "mode": "managed",
      "type": "aws_ecr_repository",
      "name": "this",
      "provider": "provider[\"registry.terraform.io/hashicorp/aws\"]",
      "instances": [
        {
          "schema_version": 0,
          "attributes": {
            "arn": "arn:aws:ecr:us-west-2:589535382240:repository/w3ecr",
            "encryption_configuration": [
              {
                "encryption_type": "AES256",
                "kms_key": ""
              }
            ],
            "force_delete": null,
            "id": "w3ecr",
            "image_scanning_configuration": [
              {
                "scan_on_push": false
              }
            ],
            "image_tag_mutability": "MUTABLE",
            "name": "w3ecr",
            "region": "us-west-2",
            "registry_id": "589535382240",
            "repository_url": "589535382240.dkr.ecr.us-west-2.amazonaws.com/w3ecr",
            "tags": null,
            "tags_all": {},
            "timeouts": null
          },
          "sensitive_attributes": [],
          "identity_schema_version": 0,
          "private": "eyJlMmJmYjczMC1lY2FhLTExZTYtOGY4OC0zNDM2M2JjN2M0YzAiOnsiZGVsZXRlIjoxMjAwMDAwMDAwMDAwfX0="
        }
      ]
    },
    {
      "module": "module.ecs",
      "mode": "managed",
      "type": "aws_ecs_cluster",
      "name": "this",
      "provider": "provider[\"registry.terraform.io/hashicorp/aws\"]",
      "instances": [
        {
          "schema_version": 0,
          "attributes": {
            "arn": "arn:aws:ecs:us-west-2:589535382240:cluster/w3_product-cluster",
            "configuration": [],
            "id": "arn:aws:ecs:us-west-2:589535382240:cluster/w3_product-cluster",
            "name": "w3_product-cluster",
            "region": "us-west-2",
            "service_connect_defaults": [],
            "setting": [
              {
                "name": "containerInsights",
                "value": "disabled"
              }
            ],
            "tags": null,
            "tags_all": {}
          },
          "sensitive_attributes": [],
          "identity_schema_version": 0,
          "private": "bnVsbA=="
        }
      ]
    },
    {
      "module": "module.ecs",
      "mode": "managed",
      "type": "aws_ecs_service",
      "name": "this",
      "provider": "provider[\"registry.terraform.io/hashicorp/aws\"]",
      "instances": [
        {
          "schema_version": 1,
          "attributes": {
            "alarms": [],
            "arn": "arn:aws:ecs:us-west-2:589535382240:service/w3_product-cluster/w3_product",
            "availability_zone_rebalancing": "DISABLED",
            "capacity_provider_strategy": [],
            "cluster": "arn:aws:ecs:us-west-2:589535382240:cluster/w3_product-cluster",
            "deployment_circuit_breaker": [
              {
                "enable": false,
                "rollback": false
              }
            ],
            "deployment_configuration": [],
            "deployment_controller": [
              {
                "type": "ECS"
              }
            ],
            "deployment_maximum_percent": 200,
            "deployment_minimum_healthy_percent": 100,
            "desired_count": 1,
            "enable_ecs_managed_tags": false,
            "enable_execute_command": false,
            "force_delete": null,
            "force_new_deployment": null,
            "health_check_grace_period_seconds": 0,
            "iam_role": "/aws-service-role/ecs.amazonaws.com/AWSServiceRoleForECS",
            "id": "arn:aws:ecs:us-west-2:589535382240:service/w3_product-cluster/w3_product",
            "launch_type": "FARGATE",
            "load_balancer": [],
            "name": "w3_product",
            "network_configuration": [
              {
                "assign_public_ip": true,
                "security_groups": [
                  "sg-002f33227f8aab9e2"
                ],
                "subnets": [
                  "subnet-0000b2ea570326bc1",
                  "subnet-0437bfcc862f4fce4",
                  "subnet-0519d2afbb6e1b7df",
                  "subnet-0f2de02772e3a6176"
                ]
              }
            ],
            "ordered_placement_strategy": [],
            "placement_constraints": [],
            "platform_version": "LATEST",
            "propagate_tags": "NONE",
            "region": "us-west-2",
            "scheduling_strategy": "REPLICA",
            "service_connect_configuration": [],
            "service_registries": [],
            "tags": null,
            "tags_all": {},
            "task_definition": "arn:aws:ecs:us-west-2:589535382240:task-definition/w3_product-task:4",
            "timeouts": null,
            "triggers": {},
            "volume_configuration": [],
            "vpc_lattice_configurations": [],
            "wait_for_steady_state": false
          },
          "sensitive_attributes": [],
          "identity_schema_version": 0,
          "private": "eyJlMmJmYjczMC1lY2FhLTExZTYtOGY4OC0zNDM2M2JjN2M0YzAiOnsiY3JlYXRlIjoxMjAwMDAwMDAwMDAwLCJkZWxldGUiOjEyMDAwMDAwMDAwMDAsInVwZGF0ZSI6MTIwMDAwMDAwMDAwMH0sInNjaGVtYV92ZXJzaW9uIjoiMSJ9",
          "dependencies": [
            "data.aws_iam_role.lab_role",
            "module.ecr.aws_ecr_repository.this",
            "module.ecs.aws_ecs_cluster.this",
            "module.ecs.aws_ecs_task_definition.this",
            "module.logging.aws_cloudwatch_log_group.this",
            "module.network.aws_security_group.this",
            "module.network.data.aws_subnets.default",
            "module.network.data.aws_vpc.default"
          ]
        }
      ]
    },
    {
      "module": "module.ecs",
      "mode": "managed",
      "type": "aws_ecs_task_definition",
      "name": "this",
      "provider": "provider[\"registry.terraform.io/hashicorp/aws\"]",
      "instances": [
        {
          "schema_version": 1,
          "attributes": {
            "arn": "arn:aws:ecs:us-west-2:589535382240:task-definition/w3_product-task:4",
            "arn_without_revision": "arn:aws:ecs:us-west-2:589535382240:task-definition/w3_product-task",
            "container_definitions": "[{\"environment\":[],\"essential\":true,\"image\":\"589535382240.dkr.ecr.us-west-2.amazonaws.com/w3ecr:latest\",\"logConfiguration\":{\"logDriver\":\"awslogs\",\"options\":{\"awslogs-group\":\"/ecs/w3_product\",\"awslogs-region\":\"us-west-2\",\"awslogs-stream-prefix\":\"ecs\"}},\"mountPoints\":[],\"name\":\"w3_product-container\",\"portMappings\":[{\"containerPort\":8080,\"hostPort\":8080,\"protocol\":\"tcp\"}],\"systemControls\":[],\"volumesFrom\":[]}]",
            "cpu": "256",
            "enable_fault_injection": false,
            "ephemeral_storage": [],
            "execution_role_arn": "arn:aws:iam::589535382240:role/LabRole",
            "family": "w3_product-task",
            "id": "w3_product-task",
            "ipc_mode": "",
            "memory": "512",
            "network_mode": "awsvpc",
            "pid_mode": "",
            "placement_constraints": [],
            "proxy_configuration": [],
            "region": "us-west-2",
            "requires_compatibilities": [
              "FARGATE"
            ],
            "revision": 4,
            "runtime_platform": [],
            "skip_destroy": false,
            "tags": null,
            "tags_all": {},
            "task_role_arn": "arn:aws:iam::589535382240:role/LabRole",
            "track_latest": false,
            "volume": []
          },
          "sensitive_attributes": [],
          "identity_schema_version": 0,
          "private": "eyJzY2hlbWFfdmVyc2lvbiI6IjEifQ==",
          "dependencies": [
            "data.aws_iam_role.lab_role",
            "module.ecr.aws_ecr_repository.this",
            "module.logging.aws_cloudwatch_log_group.this"
          ]
        }
      ]
    },
    {
      "module": "module.logging",
      "mode": "managed",
      "type": "aws_cloudwatch_log_group",
      "name": "this",
      "provider": "provider[\"registry.terraform.io/hashicorp/aws\"]",
      "instances": [
        {
          "schema_version": 0,
          "attributes": {
            "arn": "arn:aws:logs:us-west-2:589535382240:log-group:/ecs/w3_product",
            "id": "/ecs/w3_product",
            "kms_key_id": "",
            "log_group_class": "STANDARD",
            "name": "/ecs/w3_product",
            "name_prefix": "",
            "region": "us-west-2",
            "retention_in_days": 7,
            "skip_destroy": false,
            "tags": null,
            "tags_all": {}
          },
          "sensitive_attributes": [],
          "identity_schema_version": 0,
          "private": "bnVsbA=="
        }
      ]
    },
    {
      "module": "module.network",
      "mode": "data",
      "type": "aws_subnets",
      "name": "default",
      "provider": "provider[\"registry.terraform.io/hashicorp/aws\"]",
      "instances": [
        {
          "schema_version": 0,
          "attributes": {
            "filter": [
              {
                "name": "vpc-id",
                "values": [
                  "vpc-00236743a35f19163"
                ]
              }
            ],
            "id": "us-west-2",
            "ids": [
              "subnet-0000b2ea570326bc1",
              "subnet-0f2de02772e3a6176",
              "subnet-0437bfcc862f4fce4",
              "subnet-0519d2afbb6e1b7df"
            ],
            "region": "us-west-2",
            "tags": null,
            "timeouts": null
          },
          "sensitive_attributes": [],
          "identity_schema_version": 0
        }
      ]
    },
    {
      "module": "module.network",
      "mode": "data",
      "type": "aws_vpc",
      "name": "default",
      "provider": "provider[\"registry.terraform.io/hashicorp/aws\"]",
      "instances": [
        {
          "schema_version": 0,
          "attributes": {
            "arn": "arn:aws:ec2:us-west-2:589535382240:vpc/vpc-00236743a35f19163",
            "cidr_block": "172.31.0.0/16",
            "cidr_block_associations": [
              {
                "association_id": "vpc-cidr-assoc-0acb8a72023b1974b",
                "cidr_block": "172.31.0.0/16",
                "state": "associated"
              }
            ],
            "default": true,
            "dhcp_options_id": "dopt-0bd2b8ba771f5bc39",
            "enable_dns_hostnames": true,
            "enable_dns_support": true,
            "enable_network_address_usage_metrics": false,
            "filter": null,
            "id": "vpc-00236743a35f19163",
            "instance_tenancy": "default",
            "ipv6_association_id": "",
            "ipv6_cidr_block": "",
            "main_route_table_id": "rtb-0339466fcda2bb42e",
            "owner_id": "589535382240",
            "region": "us-west-2",
            "state": null,
            "tags": {},
            "timeouts": null
          },
          "sensitive_attributes": [],
          "identity_schema_version": 0
        }
      ]
    },
    {
      "module": "module.network",
      "mode": "managed",
      "type": "aws_security_group",
      "name": "this",
      "provider": "provider[\"registry.terraform.io/hashicorp/aws\"]",
      "instances": [
        {
          "schema_version": 1,
          "attributes": {
            "arn": "arn:aws:ec2:us-west-2:589535382240:security-group/sg-002f33227f8aab9e2",
            "description": "Allow inbound on 8080",
            "egress": [
              {
                "cidr_blocks": [
                  "0.0.0.0/0"
                ],
                "description": "Allow all outbound",
                "from_port": 0,
                "ipv6_cidr_blocks": [],
                "prefix_list_ids": [],
                "protocol": "-1",
                "security_groups": [],
                "self": false,
                "to_port": 0
              }
            ],
            "id": "sg-002f33227f8aab9e2",
            "ingress": [
              {
                "cidr_blocks": [
                  "0.0.0.0/0"
                ],
                "description": "Allow HTTP traffic",
                "from_port": 8080,
                "ipv6_cidr_blocks": [],
                "prefix_list_ids": [],
                "protocol": "tcp",
                "security_groups": [],
                "self": false,
                "to_port": 8080
              }
            ],
            "name": "w3_product-sg",
            "name_prefix": "",
            "owner_id": "589535382240",
            "region": "us-west-2",
            "revoke_rules_on_delete": false,
            "tags": null,
            "tags_all": {},
            "timeouts": null,
            "vpc_id": "vpc-00236743a35f19163"
          },
          "sensitive_attributes": [],
          "identity_schema_version": 0,
          "private": "eyJlMmJmYjczMC1lY2FhLTExZTYtOGY4OC0zNDM2M2JjN2M0YzAiOnsiY3JlYXRlIjo2MDAwMDAwMDAwMDAsImRlbGV0ZSI6OTAwMDAwMDAwMDAwfSwic2NoZW1hX3ZlcnNpb24iOiIxIn0=",
          "dependencies": [
            "module.network.data.aws_vpc.default"
          ]
        }
      ]
    }
  ],
  "check_results": null
}
